PODS:
  - PKHUD (5.3.0)
  - SnapKit (5.6.0)

DEPENDENCIES:
  - PKHUD (~> 5.0)
  - SnapKit

SPEC REPOS:
  trunk:
    - PKHUD
    - SnapKit

SPEC CHECKSUMS:
  PKHUD: 98f3e4bc904b9c916f1c5bb6d765365b5357291b
  SnapKit: e01d52ebb8ddbc333eefe2132acf85c8227d9c25

PODFILE CHECKSUM: 2b17fd8c8f78f7e4f454fc94e0bc2735cd7672eb

COCOAPODS: 1.11.3
